// !$*UTF8*$!
{
	archiveVersion = 1;
	classes = {
	};
	objectVersion = 48;
	objects = {

/* Begin PBXBuildFile section */
		2D533FD22134F6DD0090EAA7 /* AppDelegate.m in Sources */ = {isa = PBXBuildFile; fileRef = 2D533FD12134F6DD0090EAA7 /* AppDelegate.m */; };
		2D533FD52134F6DD0090EAA7 /* ViewController.m in Sources */ = {isa = PBXBuildFile; fileRef = 2D533FD42134F6DD0090EAA7 /* ViewController.m */; };
		2D533FD82134F6DD0090EAA7 /* Main.storyboard in Resources */ = {isa = PBXBuildFile; fileRef = 2D533FD62134F6DD0090EAA7 /* Main.storyboard */; };
		2D533FDA2134F6DD0090EAA7 /* Assets.xcassets in Resources */ = {isa = PBXBuildFile; fileRef = 2D533FD92134F6DD0090EAA7 /* Assets.xcassets */; };
		2D533FDD2134F6DD0090EAA7 /* LaunchScreen.storyboard in Resources */ = {isa = PBXBuildFile; fileRef = 2D533FDB2134F6DD0090EAA7 /* LaunchScreen.storyboard */; };
		2D533FE02134F6DD0090EAA7 /* main.m in Sources */ = {isa = PBXBuildFile; fileRef = 2D533FDF2134F6DD0090EAA7 /* main.m */; };
		2D533FEA2134F6DD0090EAA7 /* OCtest01Tests.m in Sources */ = {isa = PBXBuildFile; fileRef = 2D533FE92134F6DD0090EAA7 /* OCtest01Tests.m */; };
		2D533FF52134F6DD0090EAA7 /* OCtest01UITests.m in Sources */ = {isa = PBXBuildFile; fileRef = 2D533FF42134F6DD0090EAA7 /* OCtest01UITests.m */; };
/* End PBXBuildFile section */

/* Begin PBXContainerItemProxy section */
		2D533FE62134F6DD0090EAA7 /* PBXContainerItemProxy */ = {
			isa = PBXContainerItemProxy;
			containerPortal = 2D533FC52134F6DC0090EAA7 /* Project object */;
			proxyType = 1;
			remoteGlobalIDString = 2D533FCC2134F6DC0090EAA7;
			remoteInfo = OCtest01;
		};
		2D533FF12134F6DD0090EAA7 /* PBXContainerItemProxy */ = {
			isa = PBXContainerItemProxy;
			containerPortal = 2D533FC52134F6DC0090EAA7 /* Project object */;
			proxyType = 1;
			remoteGlobalIDString = 2D533FCC2134F6DC0090EAA7;
			remoteInfo = OCtest01;
		};
/* End PBXContainerItemProxy section */

/* Begin PBXFileReference section */
		2D533FCD2134F6DC0090EAA7 /* OCtest01.app */ = {isa = PBXFileReference; explicitFileType = wrapper.application; includeInIndex = 0; path = OCtest01.app; sourceTree = BUILT_PRODUCTS_DIR; };
		2D533FD02134F6DD0090EAA7 /* AppDelegate.h */ = {isa = PBXFileReference; lastKnownFileType = sourcecode.c.h; path = AppDelegate.h; sourceTree = "<group>"; };
		2D533FD12134F6DD0090EAA7 /* AppDelegate.m */ = {isa = PBXFileReference; lastKnownFileType = sourcecode.c.objc; path = AppDelegate.m; sourceTree = "<group>"; };
		2D533FD32134F6DD0090EAA7 /* ViewController.h */ = {isa = PBXFileReference; lastKnownFileType = sourcecode.c.h; path = ViewController.h; sourceTree = "<group>"; };
		2D533FD42134F6DD0090EAA7 /* ViewController.m */ = {isa = PBXFileReference; lastKnownFileType = sourcecode.c.objc; path = ViewController.m; sourceTree = "<group>"; };
		2D533FD72134F6DD0090EAA7 /* Base */ = {isa = PBXFileReference; lastKnownFileType = file.storyboard; name = Base; path = Base.lproj/Main.storyboard; sourceTree = "<group>"; };
		2D533FD92134F6DD0090EAA7 /* Assets.xcassets */ = {isa = PBXFileReference; lastKnownFileType = folder.assetcatalog; path = Assets.xcassets; sourceTree = "<group>"; };
		2D533FDC2134F6DD0090EAA7 /* Base */ = {isa = PBXFileReference; lastKnownFileType = file.storyboard; name = Base; path = Base.lproj/LaunchScreen.storyboard; sourceTree = "<group>"; };
		2D533FDE2134F6DD0090EAA7 /* Info.plist */ = {isa = PBXFileReference; lastKnownFileType = text.plist.xml; path = Info.plist; sourceTree = "<group>"; };
		2D533FDF2134F6DD0090EAA7 /* main.m */ = {isa = PBXFileReference; lastKnownFileType = sourcecode.c.objc; path = main.m; sourceTree = "<group>"; };
		2D533FE52134F6DD0090EAA7 /* OCtest01Tests.xctest */ = {isa = PBXFileReference; explicitFileType = wrapper.cfbundle; includeInIndex = 0; path = OCtest01Tests.xctest; sourceTree = BUILT_PRODUCTS_DIR; };
		2D533FE92134F6DD0090EAA7 /* OCtest01Tests.m */ = {isa = PBXFileReference; lastKnownFileType = sourcecode.c.objc; path = OCtest01Tests.m; sourceTree = "<group>"; };
		2D533FEB2134F6DD0090EAA7 /* Info.plist */ = {isa = PBXFileReference; lastKnownFileType = text.plist.xml; path = Info.plist; sourceTree = "<group>"; };
		2D533FF02134F6DD0090EAA7 /* OCtest01UITests.xctest */ = {isa = PBXFileReference; explicitFileType = wrapper.cfbundle; includeInIndex = 0; path = OCtest01UITests.xctest; sourceTree = BUILT_PRODUCTS_DIR; };
		2D533FF42134F6DD0090EAA7 /* OCtest01UITests.m */ = {isa = PBXFileReference; lastKnownFileType = sourcecode.c.objc; path = OCtest01UITests.m; sourceTree = "<group>"; };
		2D533FF62134F6DD0090EAA7 /* Info.plist */ = {isa = PBXFileReference; lastKnownFileType = text.plist.xml; path = Info.plist; sourceTree = "<group>"; };
/* End PBXFileReference section */

/* Begin PBXFrameworksBuildPhase section */
		2D533FCA2134F6DC0090EAA7 /* Frameworks */ = {
			isa = PBXFrameworksBuildPhase;
			buildActionMask = 2147483647;
			files = (
			);
			runOnlyForDeploymentPostprocessing = 0;
		};
		2D533FE22134F6DD0090EAA7 /* Frameworks */ = {
			isa = PBXFrameworksBuildPhase;
			buildActionMask = 2147483647;
			files = (
			);
			runOnlyForDeploymentPostprocessing = 0;
		};
		2D533FED2134F6DD0090EAA7 /* Frameworks */ = {
			isa = PBXFrameworksBuildPhase;
			buildActionMask = 2147483647;
			files = (
			);
			runOnlyForDeploymentPostprocessing = 0;
		};
/* End PBXFrameworksBuildPhase section */

/* Begin PBXGroup section */
		2D533FC42134F6DC0090EAA7 = {
			isa = PBXGroup;
			children = (
				2D533FCF2134F6DC0090EAA7 /* OCtest01 */,
				2D533FE82134F6DD0090EAA7 /* OCtest01Tests */,
				2D533FF32134F6DD0090EAA7 /* OCtest01UITests */,
				2D533FCE2134F6DC0090EAA7 /* Products */,
			);
			sourceTree = "<group>";
		};
		2D533FCE2134F6DC0090EAA7 /* Products */ = {
			isa = PBXGroup;
			children = (
				2D533FCD2134F6DC0090EAA7 /* OCtest01.app */,
				2D533FE52134F6DD0090EAA7 /* OCtest01Tests.xctest */,
				2D533FF02134F6DD0090EAA7 /* OCtest01UITests.xctest */,
			);
			name = Products;
			sourceTree = "<group>";
		};
		2D533FCF2134F6DC0090EAA7 /* OCtest01 */ = {
			isa = PBXGroup;
			children = (
				2D533FD02134F6DD0090EAA7 /* AppDelegate.h */,
				2D533FD12134F6DD0090EAA7 /* AppDelegate.m */,
				2D533FD32134F6DD0090EAA7 /* ViewController.h */,
				2D533FD42134F6DD0090EAA7 /* ViewController.m */,
				2D533FD62134F6DD0090EAA7 /* Main.storyboard */,
				2D533FD92134F6DD0090EAA7 /* Assets.xcassets */,
				2D533FDB2134F6DD0090EAA7 /* LaunchScreen.storyboard */,
				2D533FDE2134F6DD0090EAA7 /* Info.plist */,
				2D533FDF2134F6DD0090EAA7 /* main.m */,
			);
			path = OCtest01;
			sourceTree = "<group>";
		};
		2D533FE82134F6DD0090EAA7 /* OCtest01Tests */ = {
			isa = PBXGroup;
			children = (
				2D533FE92134F6DD0090EAA7 /* OCtest01Tests.m */,
				2D533FEB2134F6DD0090EAA7 /* Info.plist */,
			);
			path = OCtest01Tests;
			sourceTree = "<group>";
		};
		2D533FF32134F6DD0090EAA7 /* OCtest01UITests */ = {
			isa = PBXGroup;
			children = (
				2D533FF42134F6DD0090EAA7 /* OCtest01UITests.m */,
				2D533FF62134F6DD0090EAA7 /* Info.plist */,
			);
			path = OCtest01UITests;
			sourceTree = "<group>";
		};
/* End PBXGroup section */

/* Begin PBXNativeTarget section */
		2D533FCC2134F6DC0090EAA7 /* OCtest01 */ = {
			isa = PBXNativeTarget;
			buildConfigurationList = 2D533FF92134F6DD0090EAA7 /* Build configuration list for PBXNativeTarget "OCtest01" */;
			buildPhases = (
				2D533FC92134F6DC0090EAA7 /* Sources */,
				2D533FCA2134F6DC0090EAA7 /* Frameworks */,
				2D533FCB2134F6DC0090EAA7 /* Resources */,
			);
			buildRules = (
			);
			dependencies = (
			);
			name = OCtest01;
			productName = OCtest01;
			productReference = 2D533FCD2134F6DC0090EAA7 /* OCtest01.app */;
			productType = "com.apple.product-type.application";
		};
		2D533FE42134F6DD0090EAA7 /* OCtest01Tests */ = {
			isa = PBXNativeTarget;
			buildConfigurationList = 2D533FFC2134F6DD0090EAA7 /* Build configuration list for PBXNativeTarget "OCtest01Tests" */;
			buildPhases = (
				2D533FE12134F6DD0090EAA7 /* Sources */,
				2D533FE22134F6DD0090EAA7 /* Frameworks */,
				2D533FE32134F6DD0090EAA7 /* Resources */,
			);
			buildRules = (
			);
			dependencies = (
				2D533FE72134F6DD0090EAA7 /* PBXTargetDependency */,
			);
			name = OCtest01Tests;
			productName = OCtest01Tests;
			productReference = 2D533FE52134F6DD0090EAA7 /* OCtest01Tests.xctest */;
			productType = "com.apple.product-type.bundle.unit-test";
		};
		2D533FEF2134F6DD0090EAA7 /* OCtest01UITests */ = {
			isa = PBXNativeTarget;
			buildConfigurationList = 2D533FFF2134F6DD0090EAA7 /* Build configuration list for PBXNativeTarget "OCtest01UITests" */;
			buildPhases = (
				2D533FEC2134F6DD0090EAA7 /* Sources */,
				2D533FED2134F6DD0090EAA7 /* Frameworks */,
				2D533FEE2134F6DD0090EAA7 /* Resources */,
			);
			buildRules = (
			);
			dependencies = (
				2D533FF22134F6DD0090EAA7 /* PBXTargetDependency */,
			);
			name = OCtest01UITests;
			productName = OCtest01UITests;
			productReference = 2D533FF02134F6DD0090EAA7 /* OCtest01UITests.xctest */;
			productType = "com.apple.product-type.bundle.ui-testing";
		};
/* End PBXNativeTarget section */

/* Begin PBXProject section */
		2D533FC52134F6DC0090EAA7 /* Project object */ = {
			isa = PBXProject;
			attributes = {
				LastUpgradeCheck = 0920;
				ORGANIZATIONNAME = mejust;
				TargetAttributes = {
					2D533FCC2134F6DC0090EAA7 = {
						CreatedOnToolsVersion = 9.2;
						ProvisioningStyle = Automatic;
					};
					2D533FE42134F6DD0090EAA7 = {
						CreatedOnToolsVersion = 9.2;
						ProvisioningStyle = Automatic;
						TestTargetID = 2D533FCC2134F6DC0090EAA7;
					};
					2D533FEF2134F6DD0090EAA7 = {
						CreatedOnToolsVersion = 9.2;
						ProvisioningStyle = Automatic;
						TestTargetID = 2D533FCC2134F6DC0090EAA7;
					};
				};
			};
			buildConfigurationList = 2D533FC82134F6DC0090EAA7 /* Build configuration list for PBXProject "OCtest01" */;
			compatibilityVersion = "Xcode 8.0";
			developmentRegion = en;
			hasScannedForEncodings = 0;
			knownRegions = (
				en,
				Base,
			);
			mainGroup = 2D533FC42134F6DC0090EAA7;
			productRefGroup = 2D533FCE2134F6DC0090EAA7 /* Products */;
			projectDirPath = "";
			projectRoot = "";
			targets = (
				2D533FCC2134F6DC0090EAA7 /* OCtest01 */,
				2D533FE42134F6DD0090EAA7 /* OCtest01Tests */,
				2D533FEF2134F6DD0090EAA7 /* OCtest01UITests */,
			);
		};
/* End PBXProject section */

/* Begin PBXResourcesBuildPhase section */
		2D533FCB2134F6DC0090EAA7 /* Resources */ = {
			isa = PBXResourcesBuildPhase;
			buildActionMask = 2147483647;
			files = (
				2D533FDD2134F6DD0090EAA7 /* LaunchScreen.storyboard in Resources */,
				2D533FDA2134F6DD0090EAA7 /* Assets.xcassets in Resources */,
				2D533FD82134F6DD0090EAA7 /* Main.storyboard in Resources */,
			);
			runOnlyForDeploymentPostprocessing = 0;
		};
		2D533FE32134F6DD0090EAA7 /* Resources */ = {
			isa = PBXResourcesBuildPhase;
			buildActionMask = 2147483647;
			files = (
			);
			runOnlyForDeploymentPostprocessing = 0;
		};
		2D533FEE2134F6DD0090EAA7 /* Resources */ = {
			isa = PBXResourcesBuildPhase;
			buildActionMask = 2147483647;
			files = (
			);
			runOnlyForDeploymentPostprocessing = 0;
		};
/* End PBXResourcesBuildPhase section */

/* Begin PBXSourcesBuildPhase section */
		2D533FC92134F6DC0090EAA7 /* Sources */ = {
			isa = PBXSourcesBuildPhase;
			buildActionMask = 2147483647;
			files = (
				2D533FD52134F6DD0090EAA7 /* ViewController.m in Sources */,
				2D533FE02134F6DD0090EAA7 /* main.m in Sources */,
				2D533FD22134F6DD0090EAA7 /* AppDelegate.m in Sources */,
			);
			runOnlyForDeploymentPostprocessing = 0;
		};
		2D533FE12134F6DD0090EAA7 /* Sources */ = {
			isa = PBXSourcesBuildPhase;
			buildActionMask = 2147483647;
			files = (
				2D533FEA2134F6DD0090EAA7 /* OCtest01Tests.m in Sources */,
			);
			runOnlyForDeploymentPostprocessing = 0;
		};
		2D533FEC2134F6DD0090EAA7 /* Sources */ = {
			isa = PBXSourcesBuildPhase;
			buildActionMask = 2147483647;
			files = (
				2D533FF52134F6DD0090EAA7 /* OCtest01UITests.m in Sources */,
			);
			runOnlyForDeploymentPostprocessing = 0;
		};
/* End PBXSourcesBuildPhase section */

/* Begin PBXTargetDependency section */
		2D533FE72134F6DD0090EAA7 /* PBXTargetDependency */ = {
			isa = PBXTargetDependency;
			target = 2D533FCC2134F6DC0090EAA7 /* OCtest01 */;
			targetProxy = 2D533FE62134F6DD0090EAA7 /* PBXContainerItemProxy */;
		};
		2D533FF22134F6DD0090EAA7 /* PBXTargetDependency */ = {
			isa = PBXTargetDependency;
			target = 2D533FCC2134F6DC0090EAA7 /* OCtest01 */;
			targetProxy = 2D533FF12134F6DD0090EAA7 /* PBXContainerItemProxy */;
		};
/* End PBXTargetDependency section */

/* Begin PBXVariantGroup section */
		2D533FD62134F6DD0090EAA7 /* Main.storyboard */ = {
			isa = PBXVariantGroup;
			children = (
				2D533FD72134F6DD0090EAA7 /* Base */,
			);
			name = Main.storyboard;
			sourceTree = "<group>";
		};
		2D533FDB2134F6DD0090EAA7 /* LaunchScreen.storyboard */ = {
			isa = PBXVariantGroup;
			children = (
				2D533FDC2134F6DD0090EAA7 /* Base */,
			);
			name = LaunchScreen.storyboard;
			sourceTree = "<group>";
		};
/* End PBXVariantGroup section */

/* Begin XCBuildConfiguration section */
		2D533FF72134F6DD0090EAA7 /* Debug */ = {
			isa = XCBuildConfiguration;
			buildSettings = {
				ALWAYS_SEARCH_USER_PATHS = NO;
				CLANG_ANALYZER_NONNULL = YES;
				CLANG_ANALYZER_NUMBER_OBJECT_CONVERSION = YES_AGGRESSIVE;
				CLANG_CXX_LANGUAGE_STANDARD = "gnu++14";
				CLANG_CXX_LIBRARY = "libc++";
				CLANG_ENABLE_MODULES = YES;
				CLANG_ENABLE_OBJC_ARC = YES;
				CLANG_WARN_BLOCK_CAPTURE_AUTORELEASING = YES;
				CLANG_WARN_BOOL_CONVERSION = YES;
				CLANG_WARN_COMMA = YES;
				CLANG_WARN_CONSTANT_CONVERSION = YES;
				CLANG_WARN_DIRECT_OBJC_ISA_USAGE = YES_ERROR;
				CLANG_WARN_DOCUMENTATION_COMMENTS = YES;
				CLANG_WARN_EMPTY_BODY = YES;
				CLANG_WARN_ENUM_CONVERSION = YES;
				CLANG_WARN_INFINITE_RECURSION = YES;
				CLANG_WARN_INT_CONVERSION = YES;
				CLANG_WARN_NON_LITERAL_NULL_CONVERSION = YES;
				CLANG_WARN_OBJC_LITERAL_CONVERSION = YES;
				CLANG_WARN_OBJC_ROOT_CLASS = YES_ERROR;
				CLANG_WARN_RANGE_LOOP_ANALYSIS = YES;
				CLANG_WARN_STRICT_PROTOTYPES = YES;
				CLANG_WARN_SUSPICIOUS_MOVE = YES;
				CLANG_WARN_UNGUARDED_AVAILABILITY = YES_AGGRESSIVE;
				CLANG_WARN_UNREACHABLE_CODE = YES;
				CLANG_WARN__DUPLICATE_METHOD_MATCH = YES;
				CODE_SIGN_IDENTITY = "iPhone Developer";
				COPY_PHASE_STRIP = NO;
				DEBUG_INFORMATION_FORMAT = dwarf;
				ENABLE_STRICT_OBJC_MSGSEND = YES;
				ENABLE_TESTABILITY = YES;
				GCC_C_LANGUAGE_STANDARD = gnu11;
				GCC_DYNAMIC_NO_PIC = NO;
				GCC_NO_COMMON_BLOCKS = YES;
				GCC_OPTIMIZATION_LEVEL = 0;
				GCC_PREPROCESSOR_DEFINITIONS = (
					"DEBUG=1",
					"$(inherited)",
				);
				GCC_WARN_64_TO_32_BIT_CONVERSION = YES;
				GCC_WARN_ABOUT_RETURN_TYPE = YES_ERROR;
				GCC_WARN_UNDECLARED_SELECTOR = YES;
				GCC_WARN_UNINITIALIZED_AUTOS = YES_AGGRESSIVE;
				GCC_WARN_UNUSED_FUNCTION = YES;
				GCC_WARN_UNUSED_VARIABLE = YES;
				IPHONEOS_DEPLOYMENT_TARGET = 11.2;
				MTL_ENABLE_DEBUG_INFO = YES;
				ONLY_ACTIVE_ARCH = YES;
				SDKROOT = iphoneos;
			};
			name = Debug;
		};
		2D533FF82134F6DD0090EAA7 /* Release */ = {
			isa = XCBuildConfiguration;
			buildSettings = {
				ALWAYS_SEARCH_USER_PATHS = NO;
				CLANG_ANALYZER_NONNULL = YES;
				CLANG_ANALYZER_NUMBER_OBJECT_CONVERSION = YES_AGGRESSIVE;
				CLANG_CXX_LANGUAGE_STANDARD = "gnu++14";
				CLANG_CXX_LIBRARY = "libc++";
				CLANG_ENABLE_MODULES = YES;
				CLANG_ENABLE_OBJC_ARC = YES;
				CLANG_WARN_BLOCK_CAPTURE_AUTORELEASING = YES;
				CLANG_WARN_BOOL_CONVERSION = YES;
				CLANG_WARN_COMMA = YES;
				CLANG_WARN_CONSTANT_CONVERSION = YES;
				CLANG_WARN_DIRECT_OBJC_ISA_USAGE = YES_ERROR;
				CLANG_WARN_DOCUMENTATION_COMMENTS = YES;
				CLANG_WARN_EMPTY_BODY = YES;
				CLANG_WARN_ENUM_CONVERSION = YES;
				CLANG_WARN_INFINITE_RECURSION = YES;
				CLANG_WARN_INT_CONVERSION = YES;
				CLANG_WARN_NON_LITERAL_NULL_CONVERSION = YES;
				CLANG_WARN_OBJC_LITERAL_CONVERSION = YES;
				CLANG_WARN_OBJC_ROOT_CLASS = YES_ERROR;
				CLANG_WARN_RANGE_LOOP_ANALYSIS = YES;
				CLANG_WARN_STRICT_PROTOTYPES = YES;
				CLANG_WARN_SUSPICIOUS_MOVE = YES;
				CLANG_WARN_UNGUARDED_AVAILABILITY = YES_AGGRESSIVE;
				CLANG_WARN_UNREACHABLE_CODE = YES;
				CLANG_WARN__DUPLICATE_METHOD_MATCH = YES;
				CODE_SIGN_IDENTITY = "iPhone Developer";
				COPY_PHASE_STRIP = NO;
				DEBUG_INFORMATION_FORMAT = "dwarf-with-dsym";
				ENABLE_NS_ASSERTIONS = NO;
				ENABLE_STRICT_OBJC_MSGSEND = YES;
				GCC_C_LANGUAGE_STANDARD = gnu11;
				GCC_NO_COMMON_BLOCKS = YES;
				GCC_WARN_64_TO_32_BIT_CONVERSION = YES;
				GCC_WARN_ABOUT_RETURN_TYPE = YES_ERROR;
				GCC_WARN_UNDECLARED_SELECTOR = YES;
				GCC_WARN_UNINITIALIZED_AUTOS = YES_AGGRESSIVE;
				GCC_WARN_UNUSED_FUNCTION = YES;
				GCC_WARN_UNUSED_VARIABLE = YES;
				IPHONEOS_DEPLOYMENT_TARGET = 11.2;
				MTL_ENABLE_DEBUG_INFO = NO;
				SDKROOT = iphoneos;
				VALIDATE_PRODUCT = YES;
			};
			name = Release;
		};
		2D533FFA2134F6DD0090EAA7 /* Debug */ = {
			isa = XCBuildConfiguration;
			buildSettings = {
				ASSETCATALOG_COMPILER_APPICON_NAME = AppIcon;
				CODE_SIGN_STYLE = Automatic;
				DEVELOPMENT_TEAM = GY3HLRQ3FW;
				INFOPLIST_FILE = OCtest01/Info.plist;
				LD_RUNPATH_SEARCH_PATHS = "$(inherited) @executable_path/Frameworks";
				PRODUCT_BUNDLE_IDENTIFIER = com.mejust.OCtest01;
				PRODUCT_NAME = "$(TARGET_NAME)";
				TARGETED_DEVICE_FAMILY = "1,2";
			};
			name = Debug;
		};
		2D533FFB2134F6DD0090EAA7 /* Release */ = {
			isa = XCBuildConfiguration;
			buildSettings = {
				ASSETCATALOG_COMPILER_APPICON_NAME = AppIcon;
				CODE_SIGN_STYLE = Automatic;
				DEVELOPMENT_TEAM = GY3HLRQ3FW;
				INFOPLIST_FILE = OCtest01/Info.plist;
				LD_RUNPATH_SEARCH_PATHS = "$(inherited) @executable_path/Frameworks";
				PRODUCT_BUNDLE_IDENTIFIER = com.mejust.OCtest01;
				PRODUCT_NAME = "$(TARGET_NAME)";
				TARGETED_DEVICE_FAMILY = "1,2";
			};
			name = Release;
		};
		2D533FFD2134F6DD0090EAA7 /* Debug */ = {
			isa = XCBuildConfiguration;
			buildSettings = {
				BUNDLE_LOADER = "$(TEST_HOST)";
				CODE_SIGN_STYLE = Automatic;
				DEVELOPMENT_TEAM = GY3HLRQ3FW;
				INFOPLIST_FILE = OCtest01Tests/Info.plist;
				LD_RUNPATH_SEARCH_PATHS = "$(inherited) @executable_path/Frameworks @loader_path/Frameworks";
				PRODUCT_BUNDLE_IDENTIFIER = com.mejust.OCtest01Tests;
				PRODUCT_NAME = "$(TARGET_NAME)";
				TARGETED_DEVICE_FAMILY = "1,2";
				TEST_HOST = "$(BUILT_PRODUCTS_DIR)/OCtest01.app/OCtest01";
			};
			name = Debug;
		};
		2D533FFE2134F6DD0090EAA7 /* Release */ = {
			isa = XCBuildConfiguration;
			buildSettings = {
				BUNDLE_LOADER = "$(TEST_HOST)";
				CODE_SIGN_STYLE = Automatic;
				DEVELOPMENT_TEAM = GY3HLRQ3FW;
				INFOPLIST_FILE = OCtest01Tests/Info.plist;
				LD_RUNPATH_SEARCH_PATHS = "$(inherited) @executable_path/Frameworks @loader_path/Frameworks";
				PRODUCT_BUNDLE_IDENTIFIER = com.mejust.OCtest01Tests;
				PRODUCT_NAME = "$(TARGET_NAME)";
				TARGETED_DEVICE_FAMILY = "1,2";
				TEST_HOST = "$(BUILT_PRODUCTS_DIR)/OCtest01.app/OCtest01";
			};
			name = Release;
		};
		2D5340002134F6DD0090EAA7 /* Debug */ = {
			isa = XCBuildConfiguration;
			buildSettings = {
				CODE_SIGN_STYLE = Automatic;
				DEVELOPMENT_TEAM = GY3HLRQ3FW;
				INFOPLIST_FILE = OCtest01UITests/Info.plist;
				LD_RUNPATH_SEARCH_PATHS = "$(inherited) @executable_path/Frameworks @loader_path/Frameworks";
				PRODUCT_BUNDLE_IDENTIFIER = com.mejust.OCtest01UITests;
				PRODUCT_NAME = "$(TARGET_NAME)";
				TARGETED_DEVICE_FAMILY = "1,2";
				TEST_TARGET_NAME = OCtest01;
			};
			name = Debug;
		};
		2D5340012134F6DD0090EAA7 /* Release */ = {
			isa = XCBuildConfiguration;
			buildSettings = {
				CODE_SIGN_STYLE = Automatic;
				DEVELOPMENT_TEAM = GY3HLRQ3FW;
				INFOPLIST_FILE = OCtest01UITests/Info.plist;
				LD_RUNPATH_SEARCH_PATHS = "$(inherited) @executable_path/Frameworks @loader_path/Frameworks";
				PRODUCT_BUNDLE_IDENTIFIER = com.mejust.OCtest01UITests;
				PRODUCT_NAME = "$(TARGET_NAME)";
				TARGETED_DEVICE_FAMILY = "1,2";
				TEST_TARGET_NAME = OCtest01;
			};
			name = Release;
		};
/* End XCBuildConfiguration section */

/* Begin XCConfigurationList section */
		2D533FC82134F6DC0090EAA7 /* Build configuration list for PBXProject "OCtest01" */ = {
			isa = XCConfigurationList;
			buildConfigurations = (
				2D533FF72134F6DD0090EAA7 /* Debug */,
				2D533FF82134F6DD0090EAA7 /* Release */,
			);
			defaultConfigurationIsVisible = 0;
			defaultConfigurationName = Release;
		};
		2D533FF92134F6DD0090EAA7 /* Build configuration list for PBXNativeTarget "OCtest01" */ = {
			isa = XCConfigurationList;
			buildConfigurations = (
				2D533FFA2134F6DD0090EAA7 /* Debug */,
				2D533FFB2134F6DD0090EAA7 /* Release */,
			);
			defaultConfigurationIsVisible = 0;
			defaultConfigurationName = Release;
		};
		2D533FFC2134F6DD0090EAA7 /* Build configuration list for PBXNativeTarget "OCtest01Tests" */ = {
			isa = XCConfigurationList;
			buildConfigurations = (
				2D533FFD2134F6DD0090EAA7 /* Debug */,
				2D533FFE2134F6DD0090EAA7 /* Release */,
			);
			defaultConfigurationIsVisible = 0;
			defaultConfigurationName = Release;
		};
		2D533FFF2134F6DD0090EAA7 /* Build configuration list for PBXNativeTarget "OCtest01UITests" */ = {
			isa = XCConfigurationList;
			buildConfigurations = (
				2D5340002134F6DD0090EAA7 /* Debug */,
				2D5340012134F6DD0090EAA7 /* Release */,
			);
			defaultConfigurationIsVisible = 0;
			defaultConfigurationName = Release;
		};
/* End XCConfigurationList section */
	};
	rootObject = 2D533FC52134F6DC0090EAA7 /* Project object */;
}
